
Microsoft Visual Studio Solution File, Format Version 12.00
# Visual Studio Version 16
VisualStudioVersion = 16.0.32126.315
MinimumVisualStudioVersion = 10.0.40219.1
Project("{FAE04EC0-301F-11D3-BF4B-00C04F79EFBC}") = "CapaDatos", "CapaDatos.csproj", "{A0B1B49A-9A39-4608-91AD-B2D1A6247B01}"
EndProject
Project("{FAE04EC0-301F-11D3-BF4B-00C04F79EFBC}") = "CapaLogica", "..\CapaLogica\CapaLogica.csproj", "{AB88ED9B-AD53-4864-9802-D20986F02445}"
EndProject
Project("{FAE04EC0-301F-11D3-BF4B-00C04F79EFBC}") = "CapaPresentacion", "..\CapaPresentacion\CapaPresentacion.csproj", "{1D219DB1-27C4-416D-ABCA-8ADC2549426F}"
EndProject
Global
	GlobalSection(SolutionConfigurationPlatforms) = preSolution
		Debug|Any CPU = Debug|Any CPU
		Release|Any CPU = Release|Any CPU
	EndGlobalSection
	GlobalSection(ProjectConfigurationPlatforms) = postSolution
		{A0B1B49A-9A39-4608-91AD-B2D1A6247B01}.Debug|Any CPU.ActiveCfg = Debug|Any CPU
		{A0B1B49A-9A39-4608-91AD-B2D1A6247B01}.Debug|Any CPU.Build.0 = Debug|Any CPU
		{A0B1B49A-9A39-4608-91AD-B2D1A6247B01}.Release|Any CPU.ActiveCfg = Release|Any CPU
		{A0B1B49A-9A39-4608-91AD-B2D1A6247B01}.Release|Any CPU.Build.0 = Release|Any CPU
		{AB88ED9B-AD53-4864-9802-D20986F02445}.Debug|Any CPU.ActiveCfg = Debug|Any CPU
		{AB88ED9B-AD53-4864-9802-D20986F02445}.Debug|Any CPU.Build.0 = Debug|Any CPU
		{AB88ED9B-AD53-4864-9802-D20986F02445}.Release|Any CPU.ActiveCfg = Release|Any CPU
		{AB88ED9B-AD53-4864-9802-D20986F02445}.Release|Any CPU.Build.0 = Release|Any CPU
		{1D219DB1-27C4-416D-ABCA-8ADC2549426F}.Debug|Any CPU.ActiveCfg = Debug|Any CPU
		{1D219DB1-27C4-416D-ABCA-8ADC2549426F}.Debug|Any CPU.Build.0 = Debug|Any CPU
		{1D219DB1-27C4-416D-ABCA-8ADC2549426F}.Release|Any CPU.ActiveCfg = Release|Any CPU
		{1D219DB1-27C4-416D-ABCA-8ADC2549426F}.Release|Any CPU.Build.0 = Release|Any CPU
	EndGlobalSection
	GlobalSection(SolutionProperties) = preSolution
		HideSolutionNode = FALSE
	EndGlobalSection
	GlobalSection(ExtensibilityGlobals) = postSolution
		SolutionGuid = {C8D2E0EA-4E95-4F16-866B-1A51F2408B75}
	EndGlobalSection
EndGlobal
